# This file is autogenerated, do not edit; changes may be undone by the next 'dep ensure'.


[[projects]]
  name = "github.com/dghubble/sling"
  packages = ["."]
  revision = "eb56e89ac5088bebb12eef3cb4b293300f43608b"
  version = "v1.1.0"

[[projects]]
  branch = "master"
  name = "github.com/google/go-querystring"
  packages = ["query"]
  revision = "53e6ce116135b80d037921a7fdd5138cf32d7a8a"

[[projects]]
  branch = "master"
  name = "github.com/sluongng/dingbot"
  packages = ["."]
  revision = "b2bf0d75739e37cc01adb3dbf26c9685f9202578"

[[projects]]
  branch = "master"
  name = "golang.org/x/crypto"
  packages = ["openpgp/errors"]
  revision = "8ac0e0d97ce45cd83d1d7243c060cb8461dda5e9"

[solve-meta]
  analyzer-name = "dep"
  analyzer-version = 1
  inputs-digest = "342e3a1ee6f224fd4e0b95ef4449bb03316b8ff0fb494ee83a20821ce28416ae"
  solver-name = "gps-cdcl"
  solver-version = 1
